// !$*UTF8*$!
{
	archiveVersion = 1;
	classes = {
	};
	objectVersion = 50;
	objects = {

/* Begin PBXBuildFile section */
		1D30A5F67845468708926DB5 /* Pods_DrawIn.framework in Frameworks */ = {isa = PBXBuildFile; fileRef = 34F795E75160BEE625694702 /* Pods_DrawIn.framework */; };
		8A9776CE2253E4C70081A364 /* TabBarViewController.swift in Sources */ = {isa = PBXBuildFile; fileRef = 8A9776CC2253E4C70081A364 /* TabBarViewController.swift */; };
		8A9776CF2253E4C70081A364 /* TabBarViewController.xib in Resources */ = {isa = PBXBuildFile; fileRef = 8A9776CD2253E4C70081A364 /* TabBarViewController.xib */; };
		8A9776D82254DC990081A364 /* TutorialMainViewModel.swift in Sources */ = {isa = PBXBuildFile; fileRef = 8A9776D72254DC990081A364 /* TutorialMainViewModel.swift */; };
		8A9776DB2254DCB70081A364 /* TutorialsMain.swift in Sources */ = {isa = PBXBuildFile; fileRef = 8A9776DA2254DCB70081A364 /* TutorialsMain.swift */; };
		8A9776DD2254DE6F0081A364 /* Colors.swift in Sources */ = {isa = PBXBuildFile; fileRef = 8A9776DC2254DE6F0081A364 /* Colors.swift */; };
		8A9776E022555EDA0081A364 /* TutorialRepository.swift in Sources */ = {isa = PBXBuildFile; fileRef = 8A9776DF22555EDA0081A364 /* TutorialRepository.swift */; };
		8A9776E2225565870081A364 /* Tutorials.plist in Resources */ = {isa = PBXBuildFile; fileRef = 8A9776E1225565870081A364 /* Tutorials.plist */; };
		8AAF1FD622627EC400E5C6F6 /* CoordinatorProtocol.swift in Sources */ = {isa = PBXBuildFile; fileRef = 8AAF1FD522627EC400E5C6F6 /* CoordinatorProtocol.swift */; };
		8AAF1FD822627EF600E5C6F6 /* ApplicationCoordinator.swift in Sources */ = {isa = PBXBuildFile; fileRef = 8AAF1FD722627EF600E5C6F6 /* ApplicationCoordinator.swift */; };
		8AAF1FDA22627FFD00E5C6F6 /* TabBarCoordinator.swift in Sources */ = {isa = PBXBuildFile; fileRef = 8AAF1FD922627FFD00E5C6F6 /* TabBarCoordinator.swift */; };
		8AAF1FDC2262804D00E5C6F6 /* TutorialsCoverCoordinator.swift in Sources */ = {isa = PBXBuildFile; fileRef = 8AAF1FDB2262804D00E5C6F6 /* TutorialsCoverCoordinator.swift */; };
		8AAF1FDE22628BE400E5C6F6 /* UIColorExtension.swift in Sources */ = {isa = PBXBuildFile; fileRef = 8AAF1FDD22628BE400E5C6F6 /* UIColorExtension.swift */; };
		8AAF1FE222629AD500E5C6F6 /* FreeHandViewController.swift in Sources */ = {isa = PBXBuildFile; fileRef = 8AAF1FE022629AD500E5C6F6 /* FreeHandViewController.swift */; };
		8AAF1FE322629AD500E5C6F6 /* FreeHandViewController.xib in Resources */ = {isa = PBXBuildFile; fileRef = 8AAF1FE122629AD500E5C6F6 /* FreeHandViewController.xib */; };
		8AAF1FE522629B0700E5C6F6 /* FreeHandCoordinator.swift in Sources */ = {isa = PBXBuildFile; fileRef = 8AAF1FE422629B0700E5C6F6 /* FreeHandCoordinator.swift */; };
		8AAF1FE722654F9E00E5C6F6 /* FreeHandViewModel.swift in Sources */ = {isa = PBXBuildFile; fileRef = 8AAF1FE622654F9E00E5C6F6 /* FreeHandViewModel.swift */; };
		8AAF1FE92265505800E5C6F6 /* FreeHandOptions.plist in Resources */ = {isa = PBXBuildFile; fileRef = 8AAF1FE82265505800E5C6F6 /* FreeHandOptions.plist */; };
		8AB6A6752245CA52001FED05 /* AppDelegate.swift in Sources */ = {isa = PBXBuildFile; fileRef = 8AB6A6742245CA52001FED05 /* AppDelegate.swift */; };
		8AB6A6772245CA52001FED05 /* ViewController.swift in Sources */ = {isa = PBXBuildFile; fileRef = 8AB6A6762245CA52001FED05 /* ViewController.swift */; };
		8AB6A67C2245CA55001FED05 /* Assets.xcassets in Resources */ = {isa = PBXBuildFile; fileRef = 8AB6A67B2245CA55001FED05 /* Assets.xcassets */; };
		8AB6A67F2245CA55001FED05 /* LaunchScreen.storyboard in Resources */ = {isa = PBXBuildFile; fileRef = 8AB6A67D2245CA55001FED05 /* LaunchScreen.storyboard */; };
		8AB6A68A2245CA56001FED05 /* DrawInTests.swift in Sources */ = {isa = PBXBuildFile; fileRef = 8AB6A6892245CA56001FED05 /* DrawInTests.swift */; };
		8AB6A6952245CA56001FED05 /* DrawInUITests.swift in Sources */ = {isa = PBXBuildFile; fileRef = 8AB6A6942245CA56001FED05 /* DrawInUITests.swift */; };
		8AB6A6AC2245CD71001FED05 /* NavigationViewController.swift in Sources */ = {isa = PBXBuildFile; fileRef = 8AB6A6AA2245CD70001FED05 /* NavigationViewController.swift */; };
		8AB6A6B12245CED2001FED05 /* MainCollectionViewCell.swift in Sources */ = {isa = PBXBuildFile; fileRef = 8AB6A6AF2245CED2001FED05 /* MainCollectionViewCell.swift */; };
		8AB6A6B22245CED2001FED05 /* MainCollectionViewCell.xib in Resources */ = {isa = PBXBuildFile; fileRef = 8AB6A6B02245CED2001FED05 /* MainCollectionViewCell.xib */; };
		8AB6A6B52245D17E001FED05 /* TutorialsMainViewController.swift in Sources */ = {isa = PBXBuildFile; fileRef = 8AB6A6B32245D17E001FED05 /* TutorialsMainViewController.swift */; };
		8AB6A6B62245D17E001FED05 /* TutorialsMainViewController.xib in Resources */ = {isa = PBXBuildFile; fileRef = 8AB6A6B42245D17E001FED05 /* TutorialsMainViewController.xib */; };
/* End PBXBuildFile section */

/* Begin PBXContainerItemProxy section */
		8AB6A6862245CA56001FED05 /* PBXContainerItemProxy */ = {
			isa = PBXContainerItemProxy;
			containerPortal = 8AB6A6692245CA52001FED05 /* Project object */;
			proxyType = 1;
			remoteGlobalIDString = 8AB6A6702245CA52001FED05;
			remoteInfo = DrawIn;
		};
		8AB6A6912245CA56001FED05 /* PBXContainerItemProxy */ = {
			isa = PBXContainerItemProxy;
			containerPortal = 8AB6A6692245CA52001FED05 /* Project object */;
			proxyType = 1;
			remoteGlobalIDString = 8AB6A6702245CA52001FED05;
			remoteInfo = DrawIn;
		};
/* End PBXContainerItemProxy section */

/* Begin PBXFileReference section */
		34F795E75160BEE625694702 /* Pods_DrawIn.framework */ = {isa = PBXFileReference; explicitFileType = wrapper.framework; includeInIndex = 0; path = Pods_DrawIn.framework; sourceTree = BUILT_PRODUCTS_DIR; };
		4FC90EC42965DEA205519A7B /* Pods-DrawIn.debug.xcconfig */ = {isa = PBXFileReference; includeInIndex = 1; lastKnownFileType = text.xcconfig; name = "Pods-DrawIn.debug.xcconfig"; path = "Pods/Target Support Files/Pods-DrawIn/Pods-DrawIn.debug.xcconfig"; sourceTree = "<group>"; };
		8A9776CC2253E4C70081A364 /* TabBarViewController.swift */ = {isa = PBXFileReference; lastKnownFileType = sourcecode.swift; path = TabBarViewController.swift; sourceTree = "<group>"; };
		8A9776CD2253E4C70081A364 /* TabBarViewController.xib */ = {isa = PBXFileReference; lastKnownFileType = file.xib; path = TabBarViewController.xib; sourceTree = "<group>"; };
		8A9776D72254DC990081A364 /* TutorialMainViewModel.swift */ = {isa = PBXFileReference; lastKnownFileType = sourcecode.swift; path = TutorialMainViewModel.swift; sourceTree = "<group>"; };
		8A9776DA2254DCB70081A364 /* TutorialsMain.swift */ = {isa = PBXFileReference; lastKnownFileType = sourcecode.swift; path = TutorialsMain.swift; sourceTree = "<group>"; };
		8A9776DC2254DE6F0081A364 /* Colors.swift */ = {isa = PBXFileReference; lastKnownFileType = sourcecode.swift; path = Colors.swift; sourceTree = "<group>"; };
		8A9776DF22555EDA0081A364 /* TutorialRepository.swift */ = {isa = PBXFileReference; lastKnownFileType = sourcecode.swift; path = TutorialRepository.swift; sourceTree = "<group>"; };
		8A9776E1225565870081A364 /* Tutorials.plist */ = {isa = PBXFileReference; lastKnownFileType = text.plist.xml; path = Tutorials.plist; sourceTree = "<group>"; };
		8AAF1FD522627EC400E5C6F6 /* CoordinatorProtocol.swift */ = {isa = PBXFileReference; lastKnownFileType = sourcecode.swift; path = CoordinatorProtocol.swift; sourceTree = "<group>"; };
		8AAF1FD722627EF600E5C6F6 /* ApplicationCoordinator.swift */ = {isa = PBXFileReference; lastKnownFileType = sourcecode.swift; path = ApplicationCoordinator.swift; sourceTree = "<group>"; };
		8AAF1FD922627FFD00E5C6F6 /* TabBarCoordinator.swift */ = {isa = PBXFileReference; lastKnownFileType = sourcecode.swift; path = TabBarCoordinator.swift; sourceTree = "<group>"; };
		8AAF1FDB2262804D00E5C6F6 /* TutorialsCoverCoordinator.swift */ = {isa = PBXFileReference; lastKnownFileType = sourcecode.swift; path = TutorialsCoverCoordinator.swift; sourceTree = "<group>"; };
		8AAF1FDD22628BE400E5C6F6 /* UIColorExtension.swift */ = {isa = PBXFileReference; lastKnownFileType = sourcecode.swift; path = UIColorExtension.swift; sourceTree = "<group>"; };
		8AAF1FE022629AD500E5C6F6 /* FreeHandViewController.swift */ = {isa = PBXFileReference; lastKnownFileType = sourcecode.swift; path = FreeHandViewController.swift; sourceTree = "<group>"; };
		8AAF1FE122629AD500E5C6F6 /* FreeHandViewController.xib */ = {isa = PBXFileReference; lastKnownFileType = file.xib; path = FreeHandViewController.xib; sourceTree = "<group>"; };
		8AAF1FE422629B0700E5C6F6 /* FreeHandCoordinator.swift */ = {isa = PBXFileReference; lastKnownFileType = sourcecode.swift; path = FreeHandCoordinator.swift; sourceTree = "<group>"; };
		8AAF1FE622654F9E00E5C6F6 /* FreeHandViewModel.swift */ = {isa = PBXFileReference; lastKnownFileType = sourcecode.swift; path = FreeHandViewModel.swift; sourceTree = "<group>"; };
		8AAF1FE82265505800E5C6F6 /* FreeHandOptions.plist */ = {isa = PBXFileReference; lastKnownFileType = text.plist.xml; path = FreeHandOptions.plist; sourceTree = "<group>"; };
		8AB6A6712245CA52001FED05 /* DrawIn.app */ = {isa = PBXFileReference; explicitFileType = wrapper.application; includeInIndex = 0; path = DrawIn.app; sourceTree = BUILT_PRODUCTS_DIR; };
		8AB6A6742245CA52001FED05 /* AppDelegate.swift */ = {isa = PBXFileReference; lastKnownFileType = sourcecode.swift; path = AppDelegate.swift; sourceTree = "<group>"; };
		8AB6A6762245CA52001FED05 /* ViewController.swift */ = {isa = PBXFileReference; lastKnownFileType = sourcecode.swift; path = ViewController.swift; sourceTree = "<group>"; };
		8AB6A67B2245CA55001FED05 /* Assets.xcassets */ = {isa = PBXFileReference; lastKnownFileType = folder.assetcatalog; path = Assets.xcassets; sourceTree = "<group>"; };
		8AB6A67E2245CA55001FED05 /* Base */ = {isa = PBXFileReference; lastKnownFileType = file.storyboard; name = Base; path = Base.lproj/LaunchScreen.storyboard; sourceTree = "<group>"; };
		8AB6A6802245CA55001FED05 /* Info.plist */ = {isa = PBXFileReference; lastKnownFileType = text.plist.xml; path = Info.plist; sourceTree = "<group>"; };
		8AB6A6852245CA56001FED05 /* DrawInTests.xctest */ = {isa = PBXFileReference; explicitFileType = wrapper.cfbundle; includeInIndex = 0; path = DrawInTests.xctest; sourceTree = BUILT_PRODUCTS_DIR; };
		8AB6A6892245CA56001FED05 /* DrawInTests.swift */ = {isa = PBXFileReference; lastKnownFileType = sourcecode.swift; path = DrawInTests.swift; sourceTree = "<group>"; };
		8AB6A68B2245CA56001FED05 /* Info.plist */ = {isa = PBXFileReference; lastKnownFileType = text.plist.xml; path = Info.plist; sourceTree = "<group>"; };
		8AB6A6902245CA56001FED05 /* DrawInUITests.xctest */ = {isa = PBXFileReference; explicitFileType = wrapper.cfbundle; includeInIndex = 0; path = DrawInUITests.xctest; sourceTree = BUILT_PRODUCTS_DIR; };
		8AB6A6942245CA56001FED05 /* DrawInUITests.swift */ = {isa = PBXFileReference; lastKnownFileType = sourcecode.swift; path = DrawInUITests.swift; sourceTree = "<group>"; };
		8AB6A6962245CA56001FED05 /* Info.plist */ = {isa = PBXFileReference; lastKnownFileType = text.plist.xml; path = Info.plist; sourceTree = "<group>"; };
		8AB6A6AA2245CD70001FED05 /* NavigationViewController.swift */ = {isa = PBXFileReference; lastKnownFileType = sourcecode.swift; path = NavigationViewController.swift; sourceTree = "<group>"; };
		8AB6A6AF2245CED2001FED05 /* MainCollectionViewCell.swift */ = {isa = PBXFileReference; lastKnownFileType = sourcecode.swift; path = MainCollectionViewCell.swift; sourceTree = "<group>"; };
		8AB6A6B02245CED2001FED05 /* MainCollectionViewCell.xib */ = {isa = PBXFileReference; lastKnownFileType = file.xib; path = MainCollectionViewCell.xib; sourceTree = "<group>"; };
		8AB6A6B32245D17E001FED05 /* TutorialsMainViewController.swift */ = {isa = PBXFileReference; lastKnownFileType = sourcecode.swift; path = TutorialsMainViewController.swift; sourceTree = "<group>"; };
		8AB6A6B42245D17E001FED05 /* TutorialsMainViewController.xib */ = {isa = PBXFileReference; lastKnownFileType = file.xib; path = TutorialsMainViewController.xib; sourceTree = "<group>"; };
		A95F5B80BB90B1B3552197DF /* Pods-DrawIn.release.xcconfig */ = {isa = PBXFileReference; includeInIndex = 1; lastKnownFileType = text.xcconfig; name = "Pods-DrawIn.release.xcconfig"; path = "Pods/Target Support Files/Pods-DrawIn/Pods-DrawIn.release.xcconfig"; sourceTree = "<group>"; };
/* End PBXFileReference section */

/* Begin PBXFrameworksBuildPhase section */
		8AB6A66E2245CA52001FED05 /* Frameworks */ = {
			isa = PBXFrameworksBuildPhase;
			buildActionMask = 2147483647;
			files = (
				1D30A5F67845468708926DB5 /* Pods_DrawIn.framework in Frameworks */,
			);
			runOnlyForDeploymentPostprocessing = 0;
		};
		8AB6A6822245CA56001FED05 /* Frameworks */ = {
			isa = PBXFrameworksBuildPhase;
			buildActionMask = 2147483647;
			files = (
			);
			runOnlyForDeploymentPostprocessing = 0;
		};
		8AB6A68D2245CA56001FED05 /* Frameworks */ = {
			isa = PBXFrameworksBuildPhase;
			buildActionMask = 2147483647;
			files = (
			);
			runOnlyForDeploymentPostprocessing = 0;
		};
/* End PBXFrameworksBuildPhase section */

/* Begin PBXGroup section */
		50F08CB0A559EAF5029D6C30 /* Pods */ = {
			isa = PBXGroup;
			children = (
				4FC90EC42965DEA205519A7B /* Pods-DrawIn.debug.xcconfig */,
				A95F5B80BB90B1B3552197DF /* Pods-DrawIn.release.xcconfig */,
			);
			name = Pods;
			sourceTree = "<group>";
		};
		8A9776CB2253E4A30081A364 /* TabbarController */ = {
			isa = PBXGroup;
			children = (
				8A9776CC2253E4C70081A364 /* TabBarViewController.swift */,
				8A9776CD2253E4C70081A364 /* TabBarViewController.xib */,
			);
			path = TabbarController;
			sourceTree = "<group>";
		};
		8A9776D42254DBBC0081A364 /* Files */ = {
			isa = PBXGroup;
			children = (
				8A9776E1225565870081A364 /* Tutorials.plist */,
				8AAF1FE82265505800E5C6F6 /* FreeHandOptions.plist */,
			);
			path = Files;
			sourceTree = "<group>";
		};
		8A9776D92254DCA60081A364 /* Model */ = {
			isa = PBXGroup;
			children = (
				8A9776DA2254DCB70081A364 /* TutorialsMain.swift */,
				8A9776DC2254DE6F0081A364 /* Colors.swift */,
			);
			path = Model;
			sourceTree = "<group>";
		};
		8A9776DE22555EC60081A364 /* Repository */ = {
			isa = PBXGroup;
			children = (
				8A9776DF22555EDA0081A364 /* TutorialRepository.swift */,
			);
			path = Repository;
			sourceTree = "<group>";
		};
		8AAF1FD222627E0600E5C6F6 /* Controllers */ = {
			isa = PBXGroup;
			children = (
				8AAF1FDF22629AAE00E5C6F6 /* FreeHandController */,
				8A9776CB2253E4A30081A364 /* TabbarController */,
				8AB6A6A72245CD10001FED05 /* NavigationController */,
				8AB6A6A22245CC6A001FED05 /* TutorialsMain */,
			);
			path = Controllers;
			sourceTree = "<group>";
		};
		8AAF1FD322627E4000E5C6F6 /* Views */ = {
			isa = PBXGroup;
			children = (
				8AB6A6AE2245CEAA001FED05 /* CollectionCells */,
			);
			path = Views;
			sourceTree = "<group>";
		};
		8AAF1FD422627EAB00E5C6F6 /* Coordinator */ = {
			isa = PBXGroup;
			children = (
				8AAF1FD522627EC400E5C6F6 /* CoordinatorProtocol.swift */,
				8AAF1FD722627EF600E5C6F6 /* ApplicationCoordinator.swift */,
				8AAF1FD922627FFD00E5C6F6 /* TabBarCoordinator.swift */,
				8AAF1FDB2262804D00E5C6F6 /* TutorialsCoverCoordinator.swift */,
				8AAF1FE422629B0700E5C6F6 /* FreeHandCoordinator.swift */,
			);
			path = Coordinator;
			sourceTree = "<group>";
		};
		8AAF1FDF22629AAE00E5C6F6 /* FreeHandController */ = {
			isa = PBXGroup;
			children = (
				8AAF1FE022629AD500E5C6F6 /* FreeHandViewController.swift */,
				8AAF1FE122629AD500E5C6F6 /* FreeHandViewController.xib */,
				8AAF1FE622654F9E00E5C6F6 /* FreeHandViewModel.swift */,
			);
			path = FreeHandController;
			sourceTree = "<group>";
		};
		8AB6A6682245CA52001FED05 = {
			isa = PBXGroup;
			children = (
				8AB6A6732245CA52001FED05 /* DrawIn */,
				8AB6A6882245CA56001FED05 /* DrawInTests */,
				8AB6A6932245CA56001FED05 /* DrawInUITests */,
				8AB6A6722245CA52001FED05 /* Products */,
				50F08CB0A559EAF5029D6C30 /* Pods */,
				C7F8406D86FE49FAA9A605C1 /* Frameworks */,
			);
			sourceTree = "<group>";
		};
		8AB6A6722245CA52001FED05 /* Products */ = {
			isa = PBXGroup;
			children = (
				8AB6A6712245CA52001FED05 /* DrawIn.app */,
				8AB6A6852245CA56001FED05 /* DrawInTests.xctest */,
				8AB6A6902245CA56001FED05 /* DrawInUITests.xctest */,
			);
			name = Products;
			sourceTree = "<group>";
		};
		8AB6A6732245CA52001FED05 /* DrawIn */ = {
			isa = PBXGroup;
			children = (
				8AAF1FD422627EAB00E5C6F6 /* Coordinator */,
				8AAF1FD322627E4000E5C6F6 /* Views */,
				8AAF1FD222627E0600E5C6F6 /* Controllers */,
				8A9776DE22555EC60081A364 /* Repository */,
				8A9776D92254DCA60081A364 /* Model */,
				8A9776D42254DBBC0081A364 /* Files */,
				8AB6A6742245CA52001FED05 /* AppDelegate.swift */,
				8AB6A6762245CA52001FED05 /* ViewController.swift */,
				8AB6A67B2245CA55001FED05 /* Assets.xcassets */,
				8AB6A67D2245CA55001FED05 /* LaunchScreen.storyboard */,
				8AB6A6802245CA55001FED05 /* Info.plist */,
				8AAF1FDD22628BE400E5C6F6 /* UIColorExtension.swift */,
			);
			path = DrawIn;
			sourceTree = "<group>";
		};
		8AB6A6882245CA56001FED05 /* DrawInTests */ = {
			isa = PBXGroup;
			children = (
				8AB6A6892245CA56001FED05 /* DrawInTests.swift */,
				8AB6A68B2245CA56001FED05 /* Info.plist */,
			);
			path = DrawInTests;
			sourceTree = "<group>";
		};
		8AB6A6932245CA56001FED05 /* DrawInUITests */ = {
			isa = PBXGroup;
			children = (
				8AB6A6942245CA56001FED05 /* DrawInUITests.swift */,
				8AB6A6962245CA56001FED05 /* Info.plist */,
			);
			path = DrawInUITests;
			sourceTree = "<group>";
		};
		8AB6A6A22245CC6A001FED05 /* TutorialsMain */ = {
			isa = PBXGroup;
			children = (
				8AB6A6B32245D17E001FED05 /* TutorialsMainViewController.swift */,
				8AB6A6B42245D17E001FED05 /* TutorialsMainViewController.xib */,
				8A9776D72254DC990081A364 /* TutorialMainViewModel.swift */,
			);
			path = TutorialsMain;
			sourceTree = "<group>";
		};
		8AB6A6A72245CD10001FED05 /* NavigationController */ = {
			isa = PBXGroup;
			children = (
				8AB6A6AA2245CD70001FED05 /* NavigationViewController.swift */,
			);
			path = NavigationController;
			sourceTree = "<group>";
		};
		8AB6A6AE2245CEAA001FED05 /* CollectionCells */ = {
			isa = PBXGroup;
			children = (
				8AB6A6AF2245CED2001FED05 /* MainCollectionViewCell.swift */,
				8AB6A6B02245CED2001FED05 /* MainCollectionViewCell.xib */,
			);
			path = CollectionCells;
			sourceTree = "<group>";
		};
		C7F8406D86FE49FAA9A605C1 /* Frameworks */ = {
			isa = PBXGroup;
			children = (
				34F795E75160BEE625694702 /* Pods_DrawIn.framework */,
			);
			name = Frameworks;
			sourceTree = "<group>";
		};
/* End PBXGroup section */

/* Begin PBXNativeTarget section */
		8AB6A6702245CA52001FED05 /* DrawIn */ = {
			isa = PBXNativeTarget;
			buildConfigurationList = 8AB6A6992245CA56001FED05 /* Build configuration list for PBXNativeTarget "DrawIn" */;
			buildPhases = (
				2DA2E2A89B8D80303604C4A1 /* [CP] Check Pods Manifest.lock */,
				8AB6A66D2245CA52001FED05 /* Sources */,
				8AB6A66E2245CA52001FED05 /* Frameworks */,
				8AB6A66F2245CA52001FED05 /* Resources */,
				70DE4C543EC171A70071B80F /* [CP] Embed Pods Frameworks */,
			);
			buildRules = (
			);
			dependencies = (
			);
			name = DrawIn;
			productName = DrawIn;
			productReference = 8AB6A6712245CA52001FED05 /* DrawIn.app */;
			productType = "com.apple.product-type.application";
		};
		8AB6A6842245CA56001FED05 /* DrawInTests */ = {
			isa = PBXNativeTarget;
			buildConfigurationList = 8AB6A69C2245CA56001FED05 /* Build configuration list for PBXNativeTarget "DrawInTests" */;
			buildPhases = (
				8AB6A6812245CA56001FED05 /* Sources */,
				8AB6A6822245CA56001FED05 /* Frameworks */,
				8AB6A6832245CA56001FED05 /* Resources */,
			);
			buildRules = (
			);
			dependencies = (
				8AB6A6872245CA56001FED05 /* PBXTargetDependency */,
			);
			name = DrawInTests;
			productName = DrawInTests;
			productReference = 8AB6A6852245CA56001FED05 /* DrawInTests.xctest */;
			productType = "com.apple.product-type.bundle.unit-test";
		};
		8AB6A68F2245CA56001FED05 /* DrawInUITests */ = {
			isa = PBXNativeTarget;
			buildConfigurationList = 8AB6A69F2245CA56001FED05 /* Build configuration list for PBXNativeTarget "DrawInUITests" */;
			buildPhases = (
				8AB6A68C2245CA56001FED05 /* Sources */,
				8AB6A68D2245CA56001FED05 /* Frameworks */,
				8AB6A68E2245CA56001FED05 /* Resources */,
			);
			buildRules = (
			);
			dependencies = (
				8AB6A6922245CA56001FED05 /* PBXTargetDependency */,
			);
			name = DrawInUITests;
			productName = DrawInUITests;
			productReference = 8AB6A6902245CA56001FED05 /* DrawInUITests.xctest */;
			productType = "com.apple.product-type.bundle.ui-testing";
		};
/* End PBXNativeTarget section */

/* Begin PBXProject section */
		8AB6A6692245CA52001FED05 /* Project object */ = {
			isa = PBXProject;
			attributes = {
				LastSwiftUpdateCheck = 1010;
				LastUpgradeCheck = 1010;
				ORGANIZATIONNAME = "Italus Rodrigues do Prado";
				TargetAttributes = {
					8AB6A6702245CA52001FED05 = {
						CreatedOnToolsVersion = 10.1;
					};
					8AB6A6842245CA56001FED05 = {
						CreatedOnToolsVersion = 10.1;
						TestTargetID = 8AB6A6702245CA52001FED05;
					};
					8AB6A68F2245CA56001FED05 = {
						CreatedOnToolsVersion = 10.1;
						TestTargetID = 8AB6A6702245CA52001FED05;
					};
				};
			};
			buildConfigurationList = 8AB6A66C2245CA52001FED05 /* Build configuration list for PBXProject "DrawIn" */;
			compatibilityVersion = "Xcode 9.3";
			developmentRegion = en;
			hasScannedForEncodings = 0;
			knownRegions = (
				en,
				Base,
			);
			mainGroup = 8AB6A6682245CA52001FED05;
			productRefGroup = 8AB6A6722245CA52001FED05 /* Products */;
			projectDirPath = "";
			projectRoot = "";
			targets = (
				8AB6A6702245CA52001FED05 /* DrawIn */,
				8AB6A6842245CA56001FED05 /* DrawInTests */,
				8AB6A68F2245CA56001FED05 /* DrawInUITests */,
			);
		};
/* End PBXProject section */

/* Begin PBXResourcesBuildPhase section */
		8AB6A66F2245CA52001FED05 /* Resources */ = {
			isa = PBXResourcesBuildPhase;
			buildActionMask = 2147483647;
			files = (
				8AAF1FE92265505800E5C6F6 /* FreeHandOptions.plist in Resources */,
				8A9776E2225565870081A364 /* Tutorials.plist in Resources */,
				8AB6A67F2245CA55001FED05 /* LaunchScreen.storyboard in Resources */,
				8AB6A6B22245CED2001FED05 /* MainCollectionViewCell.xib in Resources */,
				8AAF1FE322629AD500E5C6F6 /* FreeHandViewController.xib in Resources */,
				8AB6A6B62245D17E001FED05 /* TutorialsMainViewController.xib in Resources */,
				8A9776CF2253E4C70081A364 /* TabBarViewController.xib in Resources */,
				8AB6A67C2245CA55001FED05 /* Assets.xcassets in Resources */,
			);
			runOnlyForDeploymentPostprocessing = 0;
		};
		8AB6A6832245CA56001FED05 /* Resources */ = {
			isa = PBXResourcesBuildPhase;
			buildActionMask = 2147483647;
			files = (
			);
			runOnlyForDeploymentPostprocessing = 0;
		};
		8AB6A68E2245CA56001FED05 /* Resources */ = {
			isa = PBXResourcesBuildPhase;
			buildActionMask = 2147483647;
			files = (
			);
			runOnlyForDeploymentPostprocessing = 0;
		};
/* End PBXResourcesBuildPhase section */

/* Begin PBXShellScriptBuildPhase section */
		2DA2E2A89B8D80303604C4A1 /* [CP] Check Pods Manifest.lock */ = {
			isa = PBXShellScriptBuildPhase;
			buildActionMask = 2147483647;
			files = (
			);
			inputFileListPaths = (
			);
			inputPaths = (
				"${PODS_PODFILE_DIR_PATH}/Podfile.lock",
				"${PODS_ROOT}/Manifest.lock",
			);
			name = "[CP] Check Pods Manifest.lock";
			outputFileListPaths = (
			);
			outputPaths = (
				"$(DERIVED_FILE_DIR)/Pods-DrawIn-checkManifestLockResult.txt",
			);
			runOnlyForDeploymentPostprocessing = 0;
			shellPath = /bin/sh;
			shellScript = "diff \"${PODS_PODFILE_DIR_PATH}/Podfile.lock\" \"${PODS_ROOT}/Manifest.lock\" > /dev/null\nif [ $? != 0 ] ; then\n    # print error to STDERR\n    echo \"error: The sandbox is not in sync with the Podfile.lock. Run 'pod install' or update your CocoaPods installation.\" >&2\n    exit 1\nfi\n# This output is used by Xcode 'outputs' to avoid re-running this script phase.\necho \"SUCCESS\" > \"${SCRIPT_OUTPUT_FILE_0}\"\n";
			showEnvVarsInLog = 0;
		};
		70DE4C543EC171A70071B80F /* [CP] Embed Pods Frameworks */ = {
			isa = PBXShellScriptBuildPhase;
			buildActionMask = 2147483647;
			files = (
			);
			inputFileListPaths = (
			);
			inputPaths = (
				"${SRCROOT}/Pods/Target Support Files/Pods-DrawIn/Pods-DrawIn-frameworks.sh",
				"${BUILT_PRODUCTS_DIR}/AnimatedCollectionViewLayout/AnimatedCollectionViewLayout.framework",
			);
			name = "[CP] Embed Pods Frameworks";
			outputFileListPaths = (
			);
			outputPaths = (
				"${TARGET_BUILD_DIR}/${FRAMEWORKS_FOLDER_PATH}/AnimatedCollectionViewLayout.framework",
			);
			runOnlyForDeploymentPostprocessing = 0;
			shellPath = /bin/sh;
			shellScript = "\"${SRCROOT}/Pods/Target Support Files/Pods-DrawIn/Pods-DrawIn-frameworks.sh\"\n";
			showEnvVarsInLog = 0;
		};
/* End PBXShellScriptBuildPhase section */

/* Begin PBXSourcesBuildPhase section */
		8AB6A66D2245CA52001FED05 /* Sources */ = {
			isa = PBXSourcesBuildPhase;
			buildActionMask = 2147483647;
			files = (
				8AB6A6B52245D17E001FED05 /* TutorialsMainViewController.swift in Sources */,
				8A9776E022555EDA0081A364 /* TutorialRepository.swift in Sources */,
				8AAF1FDE22628BE400E5C6F6 /* UIColorExtension.swift in Sources */,
				8AAF1FE722654F9E00E5C6F6 /* FreeHandViewModel.swift in Sources */,
				8AAF1FE222629AD500E5C6F6 /* FreeHandViewController.swift in Sources */,
				8A9776DD2254DE6F0081A364 /* Colors.swift in Sources */,
				8AB6A6AC2245CD71001FED05 /* NavigationViewController.swift in Sources */,
				8AAF1FDC2262804D00E5C6F6 /* TutorialsCoverCoordinator.swift in Sources */,
				8AB6A6B12245CED2001FED05 /* MainCollectionViewCell.swift in Sources */,
				8AB6A6772245CA52001FED05 /* ViewController.swift in Sources */,
				8AAF1FDA22627FFD00E5C6F6 /* TabBarCoordinator.swift in Sources */,
				8AAF1FD622627EC400E5C6F6 /* CoordinatorProtocol.swift in Sources */,
				8A9776CE2253E4C70081A364 /* TabBarViewController.swift in Sources */,
				8AB6A6752245CA52001FED05 /* AppDelegate.swift in Sources */,
				8AAF1FE522629B0700E5C6F6 /* FreeHandCoordinator.swift in Sources */,
				8A9776DB2254DCB70081A364 /* TutorialsMain.swift in Sources */,
				8A9776D82254DC990081A364 /* TutorialMainViewModel.swift in Sources */,
				8AAF1FD822627EF600E5C6F6 /* ApplicationCoordinator.swift in Sources */,
			);
			runOnlyForDeploymentPostprocessing = 0;
		};
		8AB6A6812245CA56001FED05 /* Sources */ = {
			isa = PBXSourcesBuildPhase;
			buildActionMask = 2147483647;
			files = (
				8AB6A68A2245CA56001FED05 /* DrawInTests.swift in Sources */,
			);
			runOnlyForDeploymentPostprocessing = 0;
		};
		8AB6A68C2245CA56001FED05 /* Sources */ = {
			isa = PBXSourcesBuildPhase;
			buildActionMask = 2147483647;
			files = (
				8AB6A6952245CA56001FED05 /* DrawInUITests.swift in Sources */,
			);
			runOnlyForDeploymentPostprocessing = 0;
		};
/* End PBXSourcesBuildPhase section */

/* Begin PBXTargetDependency section */
		8AB6A6872245CA56001FED05 /* PBXTargetDependency */ = {
			isa = PBXTargetDependency;
			target = 8AB6A6702245CA52001FED05 /* DrawIn */;
			targetProxy = 8AB6A6862245CA56001FED05 /* PBXContainerItemProxy */;
		};
		8AB6A6922245CA56001FED05 /* PBXTargetDependency */ = {
			isa = PBXTargetDependency;
			target = 8AB6A6702245CA52001FED05 /* DrawIn */;
			targetProxy = 8AB6A6912245CA56001FED05 /* PBXContainerItemProxy */;
		};
/* End PBXTargetDependency section */

/* Begin PBXVariantGroup section */
		8AB6A67D2245CA55001FED05 /* LaunchScreen.storyboard */ = {
			isa = PBXVariantGroup;
			children = (
				8AB6A67E2245CA55001FED05 /* Base */,
			);
			name = LaunchScreen.storyboard;
			sourceTree = "<group>";
		};
/* End PBXVariantGroup section */

/* Begin XCBuildConfiguration section */
		8AB6A6972245CA56001FED05 /* Debug */ = {
			isa = XCBuildConfiguration;
			buildSettings = {
				ALWAYS_SEARCH_USER_PATHS = NO;
				CLANG_ANALYZER_NONNULL = YES;
				CLANG_ANALYZER_NUMBER_OBJECT_CONVERSION = YES_AGGRESSIVE;
				CLANG_CXX_LANGUAGE_STANDARD = "gnu++14";
				CLANG_CXX_LIBRARY = "libc++";
				CLANG_ENABLE_MODULES = YES;
				CLANG_ENABLE_OBJC_ARC = YES;
				CLANG_ENABLE_OBJC_WEAK = YES;
				CLANG_WARN_BLOCK_CAPTURE_AUTORELEASING = YES;
				CLANG_WARN_BOOL_CONVERSION = YES;
				CLANG_WARN_COMMA = YES;
				CLANG_WARN_CONSTANT_CONVERSION = YES;
				CLANG_WARN_DEPRECATED_OBJC_IMPLEMENTATIONS = YES;
				CLANG_WARN_DIRECT_OBJC_ISA_USAGE = YES_ERROR;
				CLANG_WARN_DOCUMENTATION_COMMENTS = YES;
				CLANG_WARN_EMPTY_BODY = YES;
				CLANG_WARN_ENUM_CONVERSION = YES;
				CLANG_WARN_INFINITE_RECURSION = YES;
				CLANG_WARN_INT_CONVERSION = YES;
				CLANG_WARN_NON_LITERAL_NULL_CONVERSION = YES;
				CLANG_WARN_OBJC_IMPLICIT_RETAIN_SELF = YES;
				CLANG_WARN_OBJC_LITERAL_CONVERSION = YES;
				CLANG_WARN_OBJC_ROOT_CLASS = YES_ERROR;
				CLANG_WARN_RANGE_LOOP_ANALYSIS = YES;
				CLANG_WARN_STRICT_PROTOTYPES = YES;
				CLANG_WARN_SUSPICIOUS_MOVE = YES;
				CLANG_WARN_UNGUARDED_AVAILABILITY = YES_AGGRESSIVE;
				CLANG_WARN_UNREACHABLE_CODE = YES;
				CLANG_WARN__DUPLICATE_METHOD_MATCH = YES;
				CODE_SIGN_IDENTITY = "iPhone Developer";
				COPY_PHASE_STRIP = NO;
				DEBUG_INFORMATION_FORMAT = dwarf;
				ENABLE_STRICT_OBJC_MSGSEND = YES;
				ENABLE_TESTABILITY = YES;
				GCC_C_LANGUAGE_STANDARD = gnu11;
				GCC_DYNAMIC_NO_PIC = NO;
				GCC_NO_COMMON_BLOCKS = YES;
				GCC_OPTIMIZATION_LEVEL = 0;
				GCC_PREPROCESSOR_DEFINITIONS = (
					"DEBUG=1",
					"$(inherited)",
				);
				GCC_WARN_64_TO_32_BIT_CONVERSION = YES;
				GCC_WARN_ABOUT_RETURN_TYPE = YES_ERROR;
				GCC_WARN_UNDECLARED_SELECTOR = YES;
				GCC_WARN_UNINITIALIZED_AUTOS = YES_AGGRESSIVE;
				GCC_WARN_UNUSED_FUNCTION = YES;
				GCC_WARN_UNUSED_VARIABLE = YES;
				IPHONEOS_DEPLOYMENT_TARGET = 12.1;
				MTL_ENABLE_DEBUG_INFO = INCLUDE_SOURCE;
				MTL_FAST_MATH = YES;
				ONLY_ACTIVE_ARCH = YES;
				SDKROOT = iphoneos;
				SWIFT_ACTIVE_COMPILATION_CONDITIONS = DEBUG;
				SWIFT_OPTIMIZATION_LEVEL = "-Onone";
			};
			name = Debug;
		};
		8AB6A6982245CA56001FED05 /* Release */ = {
			isa = XCBuildConfiguration;
			buildSettings = {
				ALWAYS_SEARCH_USER_PATHS = NO;
				CLANG_ANALYZER_NONNULL = YES;
				CLANG_ANALYZER_NUMBER_OBJECT_CONVERSION = YES_AGGRESSIVE;
				CLANG_CXX_LANGUAGE_STANDARD = "gnu++14";
				CLANG_CXX_LIBRARY = "libc++";
				CLANG_ENABLE_MODULES = YES;
				CLANG_ENABLE_OBJC_ARC = YES;
				CLANG_ENABLE_OBJC_WEAK = YES;
				CLANG_WARN_BLOCK_CAPTURE_AUTORELEASING = YES;
				CLANG_WARN_BOOL_CONVERSION = YES;
				CLANG_WARN_COMMA = YES;
				CLANG_WARN_CONSTANT_CONVERSION = YES;
				CLANG_WARN_DEPRECATED_OBJC_IMPLEMENTATIONS = YES;
				CLANG_WARN_DIRECT_OBJC_ISA_USAGE = YES_ERROR;
				CLANG_WARN_DOCUMENTATION_COMMENTS = YES;
				CLANG_WARN_EMPTY_BODY = YES;
				CLANG_WARN_ENUM_CONVERSION = YES;
				CLANG_WARN_INFINITE_RECURSION = YES;
				CLANG_WARN_INT_CONVERSION = YES;
				CLANG_WARN_NON_LITERAL_NULL_CONVERSION = YES;
				CLANG_WARN_OBJC_IMPLICIT_RETAIN_SELF = YES;
				CLANG_WARN_OBJC_LITERAL_CONVERSION = YES;
				CLANG_WARN_OBJC_ROOT_CLASS = YES_ERROR;
				CLANG_WARN_RANGE_LOOP_ANALYSIS = YES;
				CLANG_WARN_STRICT_PROTOTYPES = YES;
				CLANG_WARN_SUSPICIOUS_MOVE = YES;
				CLANG_WARN_UNGUARDED_AVAILABILITY = YES_AGGRESSIVE;
				CLANG_WARN_UNREACHABLE_CODE = YES;
				CLANG_WARN__DUPLICATE_METHOD_MATCH = YES;
				CODE_SIGN_IDENTITY = "iPhone Developer";
				COPY_PHASE_STRIP = NO;
				DEBUG_INFORMATION_FORMAT = "dwarf-with-dsym";
				ENABLE_NS_ASSERTIONS = NO;
				ENABLE_STRICT_OBJC_MSGSEND = YES;
				GCC_C_LANGUAGE_STANDARD = gnu11;
				GCC_NO_COMMON_BLOCKS = YES;
				GCC_WARN_64_TO_32_BIT_CONVERSION = YES;
				GCC_WARN_ABOUT_RETURN_TYPE = YES_ERROR;
				GCC_WARN_UNDECLARED_SELECTOR = YES;
				GCC_WARN_UNINITIALIZED_AUTOS = YES_AGGRESSIVE;
				GCC_WARN_UNUSED_FUNCTION = YES;
				GCC_WARN_UNUSED_VARIABLE = YES;
				IPHONEOS_DEPLOYMENT_TARGET = 12.1;
				MTL_ENABLE_DEBUG_INFO = NO;
				MTL_FAST_MATH = YES;
				SDKROOT = iphoneos;
				SWIFT_COMPILATION_MODE = wholemodule;
				SWIFT_OPTIMIZATION_LEVEL = "-O";
				VALIDATE_PRODUCT = YES;
			};
			name = Release;
		};
		8AB6A69A2245CA56001FED05 /* Debug */ = {
			isa = XCBuildConfiguration;
			baseConfigurationReference = 4FC90EC42965DEA205519A7B /* Pods-DrawIn.debug.xcconfig */;
			buildSettings = {
				ASSETCATALOG_COMPILER_APPICON_NAME = AppIcon;
				CODE_SIGN_STYLE = Automatic;
				DEVELOPMENT_TEAM = N8JBYBWDT9;
				INFOPLIST_FILE = DrawIn/Info.plist;
				LD_RUNPATH_SEARCH_PATHS = (
					"$(inherited)",
					"@executable_path/Frameworks",
				);
				PRODUCT_BUNDLE_IDENTIFIER = italus.DrawIn;
				PRODUCT_NAME = "$(TARGET_NAME)";
				SWIFT_VERSION = 4.2;
				TARGETED_DEVICE_FAMILY = "1,2";
			};
			name = Debug;
		};
		8AB6A69B2245CA56001FED05 /* Release */ = {
			isa = XCBuildConfiguration;
			baseConfigurationReference = A95F5B80BB90B1B3552197DF /* Pods-DrawIn.release.xcconfig */;
			buildSettings = {
				ASSETCATALOG_COMPILER_APPICON_NAME = AppIcon;
				CODE_SIGN_STYLE = Automatic;
				DEVELOPMENT_TEAM = N8JBYBWDT9;
				INFOPLIST_FILE = DrawIn/Info.plist;
				LD_RUNPATH_SEARCH_PATHS = (
					"$(inherited)",
					"@executable_path/Frameworks",
				);
				PRODUCT_BUNDLE_IDENTIFIER = italus.DrawIn;
				PRODUCT_NAME = "$(TARGET_NAME)";
				SWIFT_VERSION = 4.2;
				TARGETED_DEVICE_FAMILY = "1,2";
			};
			name = Release;
		};
		8AB6A69D2245CA56001FED05 /* Debug */ = {
			isa = XCBuildConfiguration;
			buildSettings = {
				ALWAYS_EMBED_SWIFT_STANDARD_LIBRARIES = YES;
				BUNDLE_LOADER = "$(TEST_HOST)";
				CODE_SIGN_STYLE = Automatic;
				DEVELOPMENT_TEAM = N8JBYBWDT9;
				INFOPLIST_FILE = DrawInTests/Info.plist;
				LD_RUNPATH_SEARCH_PATHS = (
					"$(inherited)",
					"@executable_path/Frameworks",
					"@loader_path/Frameworks",
				);
				PRODUCT_BUNDLE_IDENTIFIER = italus.DrawInTests;
				PRODUCT_NAME = "$(TARGET_NAME)";
				SWIFT_VERSION = 4.2;
				TARGETED_DEVICE_FAMILY = "1,2";
				TEST_HOST = "$(BUILT_PRODUCTS_DIR)/DrawIn.app/DrawIn";
			};
			name = Debug;
		};
		8AB6A69E2245CA56001FED05 /* Release */ = {
			isa = XCBuildConfiguration;
			buildSettings = {
				ALWAYS_EMBED_SWIFT_STANDARD_LIBRARIES = YES;
				BUNDLE_LOADER = "$(TEST_HOST)";
				CODE_SIGN_STYLE = Automatic;
				DEVELOPMENT_TEAM = N8JBYBWDT9;
				INFOPLIST_FILE = DrawInTests/Info.plist;
				LD_RUNPATH_SEARCH_PATHS = (
					"$(inherited)",
					"@executable_path/Frameworks",
					"@loader_path/Frameworks",
				);
				PRODUCT_BUNDLE_IDENTIFIER = italus.DrawInTests;
				PRODUCT_NAME = "$(TARGET_NAME)";
				SWIFT_VERSION = 4.2;
				TARGETED_DEVICE_FAMILY = "1,2";
				TEST_HOST = "$(BUILT_PRODUCTS_DIR)/DrawIn.app/DrawIn";
			};
			name = Release;
		};
		8AB6A6A02245CA56001FED05 /* Debug */ = {
			isa = XCBuildConfiguration;
			buildSettings = {
				ALWAYS_EMBED_SWIFT_STANDARD_LIBRARIES = YES;
				CODE_SIGN_STYLE = Automatic;
				DEVELOPMENT_TEAM = N8JBYBWDT9;
				INFOPLIST_FILE = DrawInUITests/Info.plist;
				LD_RUNPATH_SEARCH_PATHS = (
					"$(inherited)",
					"@executable_path/Frameworks",
					"@loader_path/Frameworks",
				);
				PRODUCT_BUNDLE_IDENTIFIER = italus.DrawInUITests;
				PRODUCT_NAME = "$(TARGET_NAME)";
				SWIFT_VERSION = 4.2;
				TARGETED_DEVICE_FAMILY = "1,2";
				TEST_TARGET_NAME = DrawIn;
			};
			name = Debug;
		};
		8AB6A6A12245CA56001FED05 /* Release */ = {
			isa = XCBuildConfiguration;
			buildSettings = {
				ALWAYS_EMBED_SWIFT_STANDARD_LIBRARIES = YES;
				CODE_SIGN_STYLE = Automatic;
				DEVELOPMENT_TEAM = N8JBYBWDT9;
				INFOPLIST_FILE = DrawInUITests/Info.plist;
				LD_RUNPATH_SEARCH_PATHS = (
					"$(inherited)",
					"@executable_path/Frameworks",
					"@loader_path/Frameworks",
				);
				PRODUCT_BUNDLE_IDENTIFIER = italus.DrawInUITests;
				PRODUCT_NAME = "$(TARGET_NAME)";
				SWIFT_VERSION = 4.2;
				TARGETED_DEVICE_FAMILY = "1,2";
				TEST_TARGET_NAME = DrawIn;
			};
			name = Release;
		};
/* End XCBuildConfiguration section */

/* Begin XCConfigurationList section */
		8AB6A66C2245CA52001FED05 /* Build configuration list for PBXProject "DrawIn" */ = {
			isa = XCConfigurationList;
			buildConfigurations = (
				8AB6A6972245CA56001FED05 /* Debug */,
				8AB6A6982245CA56001FED05 /* Release */,
			);
			defaultConfigurationIsVisible = 0;
			defaultConfigurationName = Release;
		};
		8AB6A6992245CA56001FED05 /* Build configuration list for PBXNativeTarget "DrawIn" */ = {
			isa = XCConfigurationList;
			buildConfigurations = (
				8AB6A69A2245CA56001FED05 /* Debug */,
				8AB6A69B2245CA56001FED05 /* Release */,
			);
			defaultConfigurationIsVisible = 0;
			defaultConfigurationName = Release;
		};
		8AB6A69C2245CA56001FED05 /* Build configuration list for PBXNativeTarget "DrawInTests" */ = {
			isa = XCConfigurationList;
			buildConfigurations = (
				8AB6A69D2245CA56001FED05 /* Debug */,
				8AB6A69E2245CA56001FED05 /* Release */,
			);
			defaultConfigurationIsVisible = 0;
			defaultConfigurationName = Release;
		};
		8AB6A69F2245CA56001FED05 /* Build configuration list for PBXNativeTarget "DrawInUITests" */ = {
			isa = XCConfigurationList;
			buildConfigurations = (
				8AB6A6A02245CA56001FED05 /* Debug */,
				8AB6A6A12245CA56001FED05 /* Release */,
			);
			defaultConfigurationIsVisible = 0;
			defaultConfigurationName = Release;
		};
/* End XCConfigurationList section */
	};
	rootObject = 8AB6A6692245CA52001FED05 /* Project object */;
}
